
Microsoft Visual Studio Solution File, Format Version 12.00
# Visual Studio Version 17
VisualStudioVersion = 17.8.34205.153
MinimumVisualStudioVersion = 10.0.40219.1
Project("{FAE04EC0-301F-11D3-BF4B-00C04F79EFBC}") = "Clinic", "Clinic\Clinic.csproj", "{D0B833CE-3AC2-4CDA-B97F-3DF8F89DC66F}"
EndProject
Global
	GlobalSection(SolutionConfigurationPlatforms) = preSolution
		Debug|Any CPU = Debug|Any CPU
		Release|Any CPU = Release|Any CPU
	EndGlobalSection
	GlobalSection(ProjectConfigurationPlatforms) = postSolution
		{D0B833CE-3AC2-4CDA-B97F-3DF8F89DC66F}.Debug|Any CPU.ActiveCfg = Debug|Any CPU
		{D0B833CE-3AC2-4CDA-B97F-3DF8F89DC66F}.Debug|Any CPU.Build.0 = Debug|Any CPU
		{D0B833CE-3AC2-4CDA-B97F-3DF8F89DC66F}.Release|Any CPU.ActiveCfg = Release|Any CPU
		{D0B833CE-3AC2-4CDA-B97F-3DF8F89DC66F}.Release|Any CPU.Build.0 = Release|Any CPU
	EndGlobalSection
	GlobalSection(SolutionProperties) = preSolution
		HideSolutionNode = FALSE
	EndGlobalSection
	GlobalSection(ExtensibilityGlobals) = postSolution
		SolutionGuid = {33E4B16C-8B79-4F39-9460-0DC1A3B57298}
	EndGlobalSection
EndGlobal
